
Microsoft Visual Studio Solution File, Format Version 12.00
# Visual Studio Version 17
VisualStudioVersion = 17.4.33205.214
MinimumVisualStudioVersion = 10.0.40219.1
Project("{FAE04EC0-301F-11D3-BF4B-00C04F79EFBC}") = "BlazorServer", "BlazorServer\BlazorServer.csproj", "{CB906243-FF48-4F06-B671-54632215B968}"
EndProject
Project("{FAE04EC0-301F-11D3-BF4B-00C04F79EFBC}") = "EmptyBlazorWebAssembly", "EmptyBlazorWebAssembly\EmptyBlazorWebAssembly.csproj", "{C99781E4-EE88-418B-9165-49674EB652E9}"
EndProject
Project("{9A19103F-16F7-4668-BE54-9A1E7A4F7556}") = "EmptyBlazorServer", "EmptyBlazorServer\EmptyBlazorServer.csproj", "{874B5302-71F7-4F95-813A-3767C4AC99D3}"
EndProject
Project("{9A19103F-16F7-4668-BE54-9A1E7A4F7556}") = "BlazorWebAssembly", "BlazorWebAssembly\BlazorWebAssembly.csproj", "{C90B656D-7A7F-42B1-A101-A421B040C980}"
EndProject
Global
	GlobalSection(SolutionConfigurationPlatforms) = preSolution
		Debug|Any CPU = Debug|Any CPU
		Release|Any CPU = Release|Any CPU
	EndGlobalSection
	GlobalSection(ProjectConfigurationPlatforms) = postSolution
		{CB906243-FF48-4F06-B671-54632215B968}.Debug|Any CPU.ActiveCfg = Debug|Any CPU
		{CB906243-FF48-4F06-B671-54632215B968}.Debug|Any CPU.Build.0 = Debug|Any CPU
		{CB906243-FF48-4F06-B671-54632215B968}.Release|Any CPU.ActiveCfg = Release|Any CPU
		{CB906243-FF48-4F06-B671-54632215B968}.Release|Any CPU.Build.0 = Release|Any CPU
		{C99781E4-EE88-418B-9165-49674EB652E9}.Debug|Any CPU.ActiveCfg = Debug|Any CPU
		{C99781E4-EE88-418B-9165-49674EB652E9}.Debug|Any CPU.Build.0 = Debug|Any CPU
		{C99781E4-EE88-418B-9165-49674EB652E9}.Release|Any CPU.ActiveCfg = Release|Any CPU
		{C99781E4-EE88-418B-9165-49674EB652E9}.Release|Any CPU.Build.0 = Release|Any CPU
		{874B5302-71F7-4F95-813A-3767C4AC99D3}.Debug|Any CPU.ActiveCfg = Debug|Any CPU
		{874B5302-71F7-4F95-813A-3767C4AC99D3}.Debug|Any CPU.Build.0 = Debug|Any CPU
		{874B5302-71F7-4F95-813A-3767C4AC99D3}.Release|Any CPU.ActiveCfg = Release|Any CPU
		{874B5302-71F7-4F95-813A-3767C4AC99D3}.Release|Any CPU.Build.0 = Release|Any CPU
		{C90B656D-7A7F-42B1-A101-A421B040C980}.Debug|Any CPU.ActiveCfg = Debug|Any CPU
		{C90B656D-7A7F-42B1-A101-A421B040C980}.Debug|Any CPU.Build.0 = Debug|Any CPU
		{C90B656D-7A7F-42B1-A101-A421B040C980}.Release|Any CPU.ActiveCfg = Release|Any CPU
		{C90B656D-7A7F-42B1-A101-A421B040C980}.Release|Any CPU.Build.0 = Release|Any CPU
	EndGlobalSection
	GlobalSection(SolutionProperties) = preSolution
		HideSolutionNode = FALSE
	EndGlobalSection
	GlobalSection(ExtensibilityGlobals) = postSolution
		SolutionGuid = {4A6E1964-D018-4CFC-8E2D-923E43F198C6}
	EndGlobalSection
EndGlobal
